
Microsoft Visual Studio Solution File, Format Version 12.00
Project("{FAE04EC0-301F-11D3-BF4B-00C04F79EFBC}") = "SearchA2dMatrix", "SearchA2dMatrix\SearchA2dMatrix.csproj", "{56C150E3-B8EC-4442-B40E-C865221DFF86}"
EndProject
Global
	GlobalSection(SolutionConfigurationPlatforms) = preSolution
		Debug|Any CPU = Debug|Any CPU
		Release|Any CPU = Release|Any CPU
	EndGlobalSection
	GlobalSection(ProjectConfigurationPlatforms) = postSolution
		{56C150E3-B8EC-4442-B40E-C865221DFF86}.Debug|Any CPU.ActiveCfg = Debug|Any CPU
		{56C150E3-B8EC-4442-B40E-C865221DFF86}.Debug|Any CPU.Build.0 = Debug|Any CPU
		{56C150E3-B8EC-4442-B40E-C865221DFF86}.Release|Any CPU.ActiveCfg = Release|Any CPU
		{56C150E3-B8EC-4442-B40E-C865221DFF86}.Release|Any CPU.Build.0 = Release|Any CPU
	EndGlobalSection
EndGlobal
