
Microsoft Visual Studio Solution File, Format Version 12.00
Project("{FAE04EC0-301F-11D3-BF4B-00C04F79EFBC}") = "MinimumDistanceToTypeWordUsingTwoFingers", "MinimumDistanceToTypeWordUsingTwoFingers\MinimumDistanceToTypeWordUsingTwoFingers.csproj", "{DFF7917F-9E86-478C-9678-449DCA83A224}"
EndProject
Global
	GlobalSection(SolutionConfigurationPlatforms) = preSolution
		Debug|Any CPU = Debug|Any CPU
		Release|Any CPU = Release|Any CPU
	EndGlobalSection
	GlobalSection(ProjectConfigurationPlatforms) = postSolution
		{DFF7917F-9E86-478C-9678-449DCA83A224}.Debug|Any CPU.ActiveCfg = Debug|Any CPU
		{DFF7917F-9E86-478C-9678-449DCA83A224}.Debug|Any CPU.Build.0 = Debug|Any CPU
		{DFF7917F-9E86-478C-9678-449DCA83A224}.Release|Any CPU.ActiveCfg = Release|Any CPU
		{DFF7917F-9E86-478C-9678-449DCA83A224}.Release|Any CPU.Build.0 = Release|Any CPU
	EndGlobalSection
EndGlobal
