
Microsoft Visual Studio Solution File, Format Version 12.00
Project("{FAE04EC0-301F-11D3-BF4B-00C04F79EFBC}") = "JewelsAndStones", "JewelsAndStones\JewelsAndStones.csproj", "{B106390F-163C-488A-BA17-E60EBA0DD59A}"
EndProject
Global
	GlobalSection(SolutionConfigurationPlatforms) = preSolution
		Debug|Any CPU = Debug|Any CPU
		Release|Any CPU = Release|Any CPU
	EndGlobalSection
	GlobalSection(ProjectConfigurationPlatforms) = postSolution
		{B106390F-163C-488A-BA17-E60EBA0DD59A}.Debug|Any CPU.ActiveCfg = Debug|Any CPU
		{B106390F-163C-488A-BA17-E60EBA0DD59A}.Debug|Any CPU.Build.0 = Debug|Any CPU
		{B106390F-163C-488A-BA17-E60EBA0DD59A}.Release|Any CPU.ActiveCfg = Release|Any CPU
		{B106390F-163C-488A-BA17-E60EBA0DD59A}.Release|Any CPU.Build.0 = Release|Any CPU
	EndGlobalSection
EndGlobal
