
Microsoft Visual Studio Solution File, Format Version 12.00
Project("{FAE04EC0-301F-11D3-BF4B-00C04F79EFBC}") = "ReorganizeString", "ReorganizeString\ReorganizeString.csproj", "{83FD8514-1C2B-4CB2-A247-B59245055BB0}"
EndProject
Global
	GlobalSection(SolutionConfigurationPlatforms) = preSolution
		Debug|Any CPU = Debug|Any CPU
		Release|Any CPU = Release|Any CPU
	EndGlobalSection
	GlobalSection(ProjectConfigurationPlatforms) = postSolution
		{83FD8514-1C2B-4CB2-A247-B59245055BB0}.Debug|Any CPU.ActiveCfg = Debug|Any CPU
		{83FD8514-1C2B-4CB2-A247-B59245055BB0}.Debug|Any CPU.Build.0 = Debug|Any CPU
		{83FD8514-1C2B-4CB2-A247-B59245055BB0}.Release|Any CPU.ActiveCfg = Release|Any CPU
		{83FD8514-1C2B-4CB2-A247-B59245055BB0}.Release|Any CPU.Build.0 = Release|Any CPU
	EndGlobalSection
EndGlobal
