
Microsoft Visual Studio Solution File, Format Version 12.00
Project("{FAE04EC0-301F-11D3-BF4B-00C04F79EFBC}") = "MaximumXorOfTwoNumbersInAnArray", "MaximumXorOfTwoNumbersInAnArray\MaximumXorOfTwoNumbersInAnArray.csproj", "{11D9CB1F-9962-457E-AE5A-D4958121F6FB}"
EndProject
Global
	GlobalSection(SolutionConfigurationPlatforms) = preSolution
		Debug|Any CPU = Debug|Any CPU
		Release|Any CPU = Release|Any CPU
	EndGlobalSection
	GlobalSection(ProjectConfigurationPlatforms) = postSolution
		{11D9CB1F-9962-457E-AE5A-D4958121F6FB}.Debug|Any CPU.ActiveCfg = Debug|Any CPU
		{11D9CB1F-9962-457E-AE5A-D4958121F6FB}.Debug|Any CPU.Build.0 = Debug|Any CPU
		{11D9CB1F-9962-457E-AE5A-D4958121F6FB}.Release|Any CPU.ActiveCfg = Release|Any CPU
		{11D9CB1F-9962-457E-AE5A-D4958121F6FB}.Release|Any CPU.Build.0 = Release|Any CPU
	EndGlobalSection
EndGlobal
