
Microsoft Visual Studio Solution File, Format Version 12.00
Project("{FAE04EC0-301F-11D3-BF4B-00C04F79EFBC}") = "BestTimeToBuyAndSellStockIV", "BestTimeToBuyAndSellStockIV\BestTimeToBuyAndSellStockIV.csproj", "{F1AB2934-980C-44BD-9F47-B3EE5B0920DE}"
EndProject
Global
	GlobalSection(SolutionConfigurationPlatforms) = preSolution
		Debug|Any CPU = Debug|Any CPU
		Release|Any CPU = Release|Any CPU
	EndGlobalSection
	GlobalSection(ProjectConfigurationPlatforms) = postSolution
		{F1AB2934-980C-44BD-9F47-B3EE5B0920DE}.Debug|Any CPU.ActiveCfg = Debug|Any CPU
		{F1AB2934-980C-44BD-9F47-B3EE5B0920DE}.Debug|Any CPU.Build.0 = Debug|Any CPU
		{F1AB2934-980C-44BD-9F47-B3EE5B0920DE}.Release|Any CPU.ActiveCfg = Release|Any CPU
		{F1AB2934-980C-44BD-9F47-B3EE5B0920DE}.Release|Any CPU.Build.0 = Release|Any CPU
	EndGlobalSection
EndGlobal
