
Microsoft Visual Studio Solution File, Format Version 12.00
Project("{FAE04EC0-301F-11D3-BF4B-00C04F79EFBC}") = "LowestCommonAncestorOfBinaryTree3", "LowestCommonAncestorOfBinaryTree3\LowestCommonAncestorOfBinaryTree3.csproj", "{86414836-A00F-4D22-A059-F59181EDE8D5}"
EndProject
Global
	GlobalSection(SolutionConfigurationPlatforms) = preSolution
		Debug|Any CPU = Debug|Any CPU
		Release|Any CPU = Release|Any CPU
	EndGlobalSection
	GlobalSection(ProjectConfigurationPlatforms) = postSolution
		{86414836-A00F-4D22-A059-F59181EDE8D5}.Debug|Any CPU.ActiveCfg = Debug|Any CPU
		{86414836-A00F-4D22-A059-F59181EDE8D5}.Debug|Any CPU.Build.0 = Debug|Any CPU
		{86414836-A00F-4D22-A059-F59181EDE8D5}.Release|Any CPU.ActiveCfg = Release|Any CPU
		{86414836-A00F-4D22-A059-F59181EDE8D5}.Release|Any CPU.Build.0 = Release|Any CPU
	EndGlobalSection
EndGlobal
