
Microsoft Visual Studio Solution File, Format Version 12.00
Project("{FAE04EC0-301F-11D3-BF4B-00C04F79EFBC}") = "FindTheDuplicateNumber", "FindTheDuplicateNumber\FindTheDuplicateNumber.csproj", "{C9CE043B-99C6-423F-BED9-B2E04D5759CA}"
EndProject
Global
	GlobalSection(SolutionConfigurationPlatforms) = preSolution
		Debug|Any CPU = Debug|Any CPU
		Release|Any CPU = Release|Any CPU
	EndGlobalSection
	GlobalSection(ProjectConfigurationPlatforms) = postSolution
		{C9CE043B-99C6-423F-BED9-B2E04D5759CA}.Debug|Any CPU.ActiveCfg = Debug|Any CPU
		{C9CE043B-99C6-423F-BED9-B2E04D5759CA}.Debug|Any CPU.Build.0 = Debug|Any CPU
		{C9CE043B-99C6-423F-BED9-B2E04D5759CA}.Release|Any CPU.ActiveCfg = Release|Any CPU
		{C9CE043B-99C6-423F-BED9-B2E04D5759CA}.Release|Any CPU.Build.0 = Release|Any CPU
	EndGlobalSection
EndGlobal
