
Microsoft Visual Studio Solution File, Format Version 12.00
Project("{FAE04EC0-301F-11D3-BF4B-00C04F79EFBC}") = "PalindromeLinkedList", "PalindromeLinkedList\PalindromeLinkedList.csproj", "{ACCA75C9-7625-407C-8CE1-DCB59B81DB04}"
EndProject
Global
	GlobalSection(SolutionConfigurationPlatforms) = preSolution
		Debug|Any CPU = Debug|Any CPU
		Release|Any CPU = Release|Any CPU
	EndGlobalSection
	GlobalSection(ProjectConfigurationPlatforms) = postSolution
		{ACCA75C9-7625-407C-8CE1-DCB59B81DB04}.Debug|Any CPU.ActiveCfg = Debug|Any CPU
		{ACCA75C9-7625-407C-8CE1-DCB59B81DB04}.Debug|Any CPU.Build.0 = Debug|Any CPU
		{ACCA75C9-7625-407C-8CE1-DCB59B81DB04}.Release|Any CPU.ActiveCfg = Release|Any CPU
		{ACCA75C9-7625-407C-8CE1-DCB59B81DB04}.Release|Any CPU.Build.0 = Release|Any CPU
	EndGlobalSection
EndGlobal
