
Microsoft Visual Studio Solution File, Format Version 12.00
Project("{FAE04EC0-301F-11D3-BF4B-00C04F79EFBC}") = "DailyTemperatures", "DailyTemperatures\DailyTemperatures.csproj", "{B0D96A9E-CDDD-4A55-B30F-9133CDFC8D67}"
EndProject
Global
	GlobalSection(SolutionConfigurationPlatforms) = preSolution
		Debug|Any CPU = Debug|Any CPU
		Release|Any CPU = Release|Any CPU
	EndGlobalSection
	GlobalSection(ProjectConfigurationPlatforms) = postSolution
		{B0D96A9E-CDDD-4A55-B30F-9133CDFC8D67}.Debug|Any CPU.ActiveCfg = Debug|Any CPU
		{B0D96A9E-CDDD-4A55-B30F-9133CDFC8D67}.Debug|Any CPU.Build.0 = Debug|Any CPU
		{B0D96A9E-CDDD-4A55-B30F-9133CDFC8D67}.Release|Any CPU.ActiveCfg = Release|Any CPU
		{B0D96A9E-CDDD-4A55-B30F-9133CDFC8D67}.Release|Any CPU.Build.0 = Release|Any CPU
	EndGlobalSection
EndGlobal
