
Microsoft Visual Studio Solution File, Format Version 12.00
Project("{FAE04EC0-301F-11D3-BF4B-00C04F79EFBC}") = "LongestCommonSubsequence", "LongestCommonSubsequence\LongestCommonSubsequence.csproj", "{120DF5A7-0D33-4FAD-9C24-3352D0D2C851}"
EndProject
Global
	GlobalSection(SolutionConfigurationPlatforms) = preSolution
		Debug|Any CPU = Debug|Any CPU
		Release|Any CPU = Release|Any CPU
	EndGlobalSection
	GlobalSection(ProjectConfigurationPlatforms) = postSolution
		{120DF5A7-0D33-4FAD-9C24-3352D0D2C851}.Debug|Any CPU.ActiveCfg = Debug|Any CPU
		{120DF5A7-0D33-4FAD-9C24-3352D0D2C851}.Debug|Any CPU.Build.0 = Debug|Any CPU
		{120DF5A7-0D33-4FAD-9C24-3352D0D2C851}.Release|Any CPU.ActiveCfg = Release|Any CPU
		{120DF5A7-0D33-4FAD-9C24-3352D0D2C851}.Release|Any CPU.Build.0 = Release|Any CPU
	EndGlobalSection
EndGlobal
