
Microsoft Visual Studio Solution File, Format Version 12.00
Project("{FAE04EC0-301F-11D3-BF4B-00C04F79EFBC}") = "ShortestUnsortedContinuousSubarray", "ShortestUnsortedContinuousSubarray\ShortestUnsortedContinuousSubarray.csproj", "{82A694CE-461C-44F5-8045-9C15431FCBF1}"
EndProject
Global
	GlobalSection(SolutionConfigurationPlatforms) = preSolution
		Debug|Any CPU = Debug|Any CPU
		Release|Any CPU = Release|Any CPU
	EndGlobalSection
	GlobalSection(ProjectConfigurationPlatforms) = postSolution
		{82A694CE-461C-44F5-8045-9C15431FCBF1}.Debug|Any CPU.ActiveCfg = Debug|Any CPU
		{82A694CE-461C-44F5-8045-9C15431FCBF1}.Debug|Any CPU.Build.0 = Debug|Any CPU
		{82A694CE-461C-44F5-8045-9C15431FCBF1}.Release|Any CPU.ActiveCfg = Release|Any CPU
		{82A694CE-461C-44F5-8045-9C15431FCBF1}.Release|Any CPU.Build.0 = Release|Any CPU
	EndGlobalSection
EndGlobal
