
Microsoft Visual Studio Solution File, Format Version 12.00
Project("{FAE04EC0-301F-11D3-BF4B-00C04F79EFBC}") = "CountDifferentPalindromicSubsequences", "CountDifferentPalindromicSubsequences\CountDifferentPalindromicSubsequences.csproj", "{7402DA39-2200-4F40-A850-8B3056BDB9A8}"
EndProject
Global
	GlobalSection(SolutionConfigurationPlatforms) = preSolution
		Debug|Any CPU = Debug|Any CPU
		Release|Any CPU = Release|Any CPU
	EndGlobalSection
	GlobalSection(ProjectConfigurationPlatforms) = postSolution
		{7402DA39-2200-4F40-A850-8B3056BDB9A8}.Debug|Any CPU.ActiveCfg = Debug|Any CPU
		{7402DA39-2200-4F40-A850-8B3056BDB9A8}.Debug|Any CPU.Build.0 = Debug|Any CPU
		{7402DA39-2200-4F40-A850-8B3056BDB9A8}.Release|Any CPU.ActiveCfg = Release|Any CPU
		{7402DA39-2200-4F40-A850-8B3056BDB9A8}.Release|Any CPU.Build.0 = Release|Any CPU
	EndGlobalSection
EndGlobal
