
Microsoft Visual Studio Solution File, Format Version 12.00
Project("{FAE04EC0-301F-11D3-BF4B-00C04F79EFBC}") = "RemoveLinkedListElements", "RemoveLinkedListElements\RemoveLinkedListElements.csproj", "{31039493-EC67-421A-BCA2-181DB79298FC}"
EndProject
Global
	GlobalSection(SolutionConfigurationPlatforms) = preSolution
		Debug|Any CPU = Debug|Any CPU
		Release|Any CPU = Release|Any CPU
	EndGlobalSection
	GlobalSection(ProjectConfigurationPlatforms) = postSolution
		{31039493-EC67-421A-BCA2-181DB79298FC}.Debug|Any CPU.ActiveCfg = Debug|Any CPU
		{31039493-EC67-421A-BCA2-181DB79298FC}.Debug|Any CPU.Build.0 = Debug|Any CPU
		{31039493-EC67-421A-BCA2-181DB79298FC}.Release|Any CPU.ActiveCfg = Release|Any CPU
		{31039493-EC67-421A-BCA2-181DB79298FC}.Release|Any CPU.Build.0 = Release|Any CPU
	EndGlobalSection
EndGlobal
