
Microsoft Visual Studio Solution File, Format Version 12.00
Project("{FAE04EC0-301F-11D3-BF4B-00C04F79EFBC}") = "ContainsDuplicate", "ContainsDuplicate\ContainsDuplicate.csproj", "{F8B28859-BBB9-4A25-B6BC-37D32D94BF89}"
EndProject
Global
	GlobalSection(SolutionConfigurationPlatforms) = preSolution
		Debug|Any CPU = Debug|Any CPU
		Release|Any CPU = Release|Any CPU
	EndGlobalSection
	GlobalSection(ProjectConfigurationPlatforms) = postSolution
		{F8B28859-BBB9-4A25-B6BC-37D32D94BF89}.Debug|Any CPU.ActiveCfg = Debug|Any CPU
		{F8B28859-BBB9-4A25-B6BC-37D32D94BF89}.Debug|Any CPU.Build.0 = Debug|Any CPU
		{F8B28859-BBB9-4A25-B6BC-37D32D94BF89}.Release|Any CPU.ActiveCfg = Release|Any CPU
		{F8B28859-BBB9-4A25-B6BC-37D32D94BF89}.Release|Any CPU.Build.0 = Release|Any CPU
	EndGlobalSection
EndGlobal
