
Microsoft Visual Studio Solution File, Format Version 12.00
Project("{FAE04EC0-301F-11D3-BF4B-00C04F79EFBC}") = "BinaryTreeMaximumPathSum", "BinaryTreeMaximumPathSum\BinaryTreeMaximumPathSum.csproj", "{644321DC-99F0-45D8-B489-B20024C0D90A}"
EndProject
Global
	GlobalSection(SolutionConfigurationPlatforms) = preSolution
		Debug|Any CPU = Debug|Any CPU
		Release|Any CPU = Release|Any CPU
	EndGlobalSection
	GlobalSection(ProjectConfigurationPlatforms) = postSolution
		{644321DC-99F0-45D8-B489-B20024C0D90A}.Debug|Any CPU.ActiveCfg = Debug|Any CPU
		{644321DC-99F0-45D8-B489-B20024C0D90A}.Debug|Any CPU.Build.0 = Debug|Any CPU
		{644321DC-99F0-45D8-B489-B20024C0D90A}.Release|Any CPU.ActiveCfg = Release|Any CPU
		{644321DC-99F0-45D8-B489-B20024C0D90A}.Release|Any CPU.Build.0 = Release|Any CPU
	EndGlobalSection
EndGlobal
