
Microsoft Visual Studio Solution File, Format Version 12.00
Project("{FAE04EC0-301F-11D3-BF4B-00C04F79EFBC}") = "GroupShiftedStrings", "GroupShiftedStrings\GroupShiftedStrings.csproj", "{8BA6DBC0-85E1-4D27-9979-27CFCB1E50D6}"
EndProject
Global
	GlobalSection(SolutionConfigurationPlatforms) = preSolution
		Debug|Any CPU = Debug|Any CPU
		Release|Any CPU = Release|Any CPU
	EndGlobalSection
	GlobalSection(ProjectConfigurationPlatforms) = postSolution
		{8BA6DBC0-85E1-4D27-9979-27CFCB1E50D6}.Debug|Any CPU.ActiveCfg = Debug|Any CPU
		{8BA6DBC0-85E1-4D27-9979-27CFCB1E50D6}.Debug|Any CPU.Build.0 = Debug|Any CPU
		{8BA6DBC0-85E1-4D27-9979-27CFCB1E50D6}.Release|Any CPU.ActiveCfg = Release|Any CPU
		{8BA6DBC0-85E1-4D27-9979-27CFCB1E50D6}.Release|Any CPU.Build.0 = Release|Any CPU
	EndGlobalSection
EndGlobal
