
Microsoft Visual Studio Solution File, Format Version 12.00
Project("{FAE04EC0-301F-11D3-BF4B-00C04F79EFBC}") = "NumberOfEquivalentDominoPairs", "NumberOfEquivalentDominoPairs\NumberOfEquivalentDominoPairs.csproj", "{F8D5FAE4-8B66-4E5C-AEBF-A7A6AAD1D4A7}"
EndProject
Global
	GlobalSection(SolutionConfigurationPlatforms) = preSolution
		Debug|Any CPU = Debug|Any CPU
		Release|Any CPU = Release|Any CPU
	EndGlobalSection
	GlobalSection(ProjectConfigurationPlatforms) = postSolution
		{F8D5FAE4-8B66-4E5C-AEBF-A7A6AAD1D4A7}.Debug|Any CPU.ActiveCfg = Debug|Any CPU
		{F8D5FAE4-8B66-4E5C-AEBF-A7A6AAD1D4A7}.Debug|Any CPU.Build.0 = Debug|Any CPU
		{F8D5FAE4-8B66-4E5C-AEBF-A7A6AAD1D4A7}.Release|Any CPU.ActiveCfg = Release|Any CPU
		{F8D5FAE4-8B66-4E5C-AEBF-A7A6AAD1D4A7}.Release|Any CPU.Build.0 = Release|Any CPU
	EndGlobalSection
EndGlobal
