
Microsoft Visual Studio Solution File, Format Version 12.00
Project("{FAE04EC0-301F-11D3-BF4B-00C04F79EFBC}") = "IslandPerimeter", "IslandPerimeter\IslandPerimeter.csproj", "{EA81A2C8-93E8-4B8B-903D-C6C8695C2CAA}"
EndProject
Global
	GlobalSection(SolutionConfigurationPlatforms) = preSolution
		Debug|Any CPU = Debug|Any CPU
		Release|Any CPU = Release|Any CPU
	EndGlobalSection
	GlobalSection(ProjectConfigurationPlatforms) = postSolution
		{EA81A2C8-93E8-4B8B-903D-C6C8695C2CAA}.Debug|Any CPU.ActiveCfg = Debug|Any CPU
		{EA81A2C8-93E8-4B8B-903D-C6C8695C2CAA}.Debug|Any CPU.Build.0 = Debug|Any CPU
		{EA81A2C8-93E8-4B8B-903D-C6C8695C2CAA}.Release|Any CPU.ActiveCfg = Release|Any CPU
		{EA81A2C8-93E8-4B8B-903D-C6C8695C2CAA}.Release|Any CPU.Build.0 = Release|Any CPU
	EndGlobalSection
EndGlobal
