
Microsoft Visual Studio Solution File, Format Version 12.00
Project("{FAE04EC0-301F-11D3-BF4B-00C04F79EFBC}") = "ZigZagConversion", "ZigZagConversion\ZigZagConversion.csproj", "{B480542A-426A-4E34-871A-4C59BC74B000}"
EndProject
Global
	GlobalSection(SolutionConfigurationPlatforms) = preSolution
		Debug|Any CPU = Debug|Any CPU
		Release|Any CPU = Release|Any CPU
	EndGlobalSection
	GlobalSection(ProjectConfigurationPlatforms) = postSolution
		{B480542A-426A-4E34-871A-4C59BC74B000}.Debug|Any CPU.ActiveCfg = Debug|Any CPU
		{B480542A-426A-4E34-871A-4C59BC74B000}.Debug|Any CPU.Build.0 = Debug|Any CPU
		{B480542A-426A-4E34-871A-4C59BC74B000}.Release|Any CPU.ActiveCfg = Release|Any CPU
		{B480542A-426A-4E34-871A-4C59BC74B000}.Release|Any CPU.Build.0 = Release|Any CPU
	EndGlobalSection
EndGlobal
