
Microsoft Visual Studio Solution File, Format Version 12.00
Project("{FAE04EC0-301F-11D3-BF4B-00C04F79EFBC}") = "AccountsMerge", "AccountsMerge\AccountsMerge.csproj", "{7FF4B22B-1F9B-4906-8615-4B8E9A3C7BAB}"
EndProject
Global
	GlobalSection(SolutionConfigurationPlatforms) = preSolution
		Debug|Any CPU = Debug|Any CPU
		Release|Any CPU = Release|Any CPU
	EndGlobalSection
	GlobalSection(ProjectConfigurationPlatforms) = postSolution
		{7FF4B22B-1F9B-4906-8615-4B8E9A3C7BAB}.Debug|Any CPU.ActiveCfg = Debug|Any CPU
		{7FF4B22B-1F9B-4906-8615-4B8E9A3C7BAB}.Debug|Any CPU.Build.0 = Debug|Any CPU
		{7FF4B22B-1F9B-4906-8615-4B8E9A3C7BAB}.Release|Any CPU.ActiveCfg = Release|Any CPU
		{7FF4B22B-1F9B-4906-8615-4B8E9A3C7BAB}.Release|Any CPU.Build.0 = Release|Any CPU
	EndGlobalSection
EndGlobal
