
Microsoft Visual Studio Solution File, Format Version 12.00
Project("{FAE04EC0-301F-11D3-BF4B-00C04F79EFBC}") = "Permutations", "Permutations\Permutations.csproj", "{CAFC510F-360C-481D-955F-436706390240}"
EndProject
Global
	GlobalSection(SolutionConfigurationPlatforms) = preSolution
		Debug|Any CPU = Debug|Any CPU
		Release|Any CPU = Release|Any CPU
	EndGlobalSection
	GlobalSection(ProjectConfigurationPlatforms) = postSolution
		{CAFC510F-360C-481D-955F-436706390240}.Debug|Any CPU.ActiveCfg = Debug|Any CPU
		{CAFC510F-360C-481D-955F-436706390240}.Debug|Any CPU.Build.0 = Debug|Any CPU
		{CAFC510F-360C-481D-955F-436706390240}.Release|Any CPU.ActiveCfg = Release|Any CPU
		{CAFC510F-360C-481D-955F-436706390240}.Release|Any CPU.Build.0 = Release|Any CPU
	EndGlobalSection
EndGlobal
