
Microsoft Visual Studio Solution File, Format Version 12.00
Project("{FAE04EC0-301F-11D3-BF4B-00C04F79EFBC}") = "GenerateParentheses", "GenerateParentheses\GenerateParentheses.csproj", "{FC2A1C93-0A84-4919-97B8-4BE27EE023D3}"
EndProject
Global
	GlobalSection(SolutionConfigurationPlatforms) = preSolution
		Debug|Any CPU = Debug|Any CPU
		Release|Any CPU = Release|Any CPU
	EndGlobalSection
	GlobalSection(ProjectConfigurationPlatforms) = postSolution
		{FC2A1C93-0A84-4919-97B8-4BE27EE023D3}.Debug|Any CPU.ActiveCfg = Debug|Any CPU
		{FC2A1C93-0A84-4919-97B8-4BE27EE023D3}.Debug|Any CPU.Build.0 = Debug|Any CPU
		{FC2A1C93-0A84-4919-97B8-4BE27EE023D3}.Release|Any CPU.ActiveCfg = Release|Any CPU
		{FC2A1C93-0A84-4919-97B8-4BE27EE023D3}.Release|Any CPU.Build.0 = Release|Any CPU
	EndGlobalSection
EndGlobal
