
Microsoft Visual Studio Solution File, Format Version 12.00
Project("{FAE04EC0-301F-11D3-BF4B-00C04F79EFBC}") = "MinDepthOfBinaryTree", "MinDepthOfBinaryTree\MinDepthOfBinaryTree.csproj", "{B4A59EA5-D71B-48E9-BF43-058D5F671527}"
EndProject
Global
	GlobalSection(SolutionConfigurationPlatforms) = preSolution
		Debug|Any CPU = Debug|Any CPU
		Release|Any CPU = Release|Any CPU
	EndGlobalSection
	GlobalSection(ProjectConfigurationPlatforms) = postSolution
		{B4A59EA5-D71B-48E9-BF43-058D5F671527}.Debug|Any CPU.ActiveCfg = Debug|Any CPU
		{B4A59EA5-D71B-48E9-BF43-058D5F671527}.Debug|Any CPU.Build.0 = Debug|Any CPU
		{B4A59EA5-D71B-48E9-BF43-058D5F671527}.Release|Any CPU.ActiveCfg = Release|Any CPU
		{B4A59EA5-D71B-48E9-BF43-058D5F671527}.Release|Any CPU.Build.0 = Release|Any CPU
	EndGlobalSection
EndGlobal
