
Microsoft Visual Studio Solution File, Format Version 12.00
Project("{FAE04EC0-301F-11D3-BF4B-00C04F79EFBC}") = "WordBreak", "WordBreak\WordBreak.csproj", "{854BA158-0D4B-4335-81AC-19862317CB3C}"
EndProject
Global
	GlobalSection(SolutionConfigurationPlatforms) = preSolution
		Debug|Any CPU = Debug|Any CPU
		Release|Any CPU = Release|Any CPU
	EndGlobalSection
	GlobalSection(ProjectConfigurationPlatforms) = postSolution
		{854BA158-0D4B-4335-81AC-19862317CB3C}.Debug|Any CPU.ActiveCfg = Debug|Any CPU
		{854BA158-0D4B-4335-81AC-19862317CB3C}.Debug|Any CPU.Build.0 = Debug|Any CPU
		{854BA158-0D4B-4335-81AC-19862317CB3C}.Release|Any CPU.ActiveCfg = Release|Any CPU
		{854BA158-0D4B-4335-81AC-19862317CB3C}.Release|Any CPU.Build.0 = Release|Any CPU
	EndGlobalSection
EndGlobal
