
Microsoft Visual Studio Solution File, Format Version 12.00
Project("{FAE04EC0-301F-11D3-BF4B-00C04F79EFBC}") = "RepeatedStringMatch", "RepeatedStringMatch\RepeatedStringMatch.csproj", "{759CE4BE-AFA5-455A-84B6-FD95926F4214}"
EndProject
Global
	GlobalSection(SolutionConfigurationPlatforms) = preSolution
		Debug|Any CPU = Debug|Any CPU
		Release|Any CPU = Release|Any CPU
	EndGlobalSection
	GlobalSection(ProjectConfigurationPlatforms) = postSolution
		{759CE4BE-AFA5-455A-84B6-FD95926F4214}.Debug|Any CPU.ActiveCfg = Debug|Any CPU
		{759CE4BE-AFA5-455A-84B6-FD95926F4214}.Debug|Any CPU.Build.0 = Debug|Any CPU
		{759CE4BE-AFA5-455A-84B6-FD95926F4214}.Release|Any CPU.ActiveCfg = Release|Any CPU
		{759CE4BE-AFA5-455A-84B6-FD95926F4214}.Release|Any CPU.Build.0 = Release|Any CPU
	EndGlobalSection
EndGlobal
