
Microsoft Visual Studio Solution File, Format Version 12.00
Project("{FAE04EC0-301F-11D3-BF4B-00C04F79EFBC}") = "EditDistance", "EditDistance\EditDistance.csproj", "{CBFF4F5F-4010-4049-909C-A8C0A4EEE453}"
EndProject
Global
	GlobalSection(SolutionConfigurationPlatforms) = preSolution
		Debug|Any CPU = Debug|Any CPU
		Release|Any CPU = Release|Any CPU
	EndGlobalSection
	GlobalSection(ProjectConfigurationPlatforms) = postSolution
		{CBFF4F5F-4010-4049-909C-A8C0A4EEE453}.Debug|Any CPU.ActiveCfg = Debug|Any CPU
		{CBFF4F5F-4010-4049-909C-A8C0A4EEE453}.Debug|Any CPU.Build.0 = Debug|Any CPU
		{CBFF4F5F-4010-4049-909C-A8C0A4EEE453}.Release|Any CPU.ActiveCfg = Release|Any CPU
		{CBFF4F5F-4010-4049-909C-A8C0A4EEE453}.Release|Any CPU.Build.0 = Release|Any CPU
	EndGlobalSection
EndGlobal
