
Microsoft Visual Studio Solution File, Format Version 12.00
Project("{FAE04EC0-301F-11D3-BF4B-00C04F79EFBC}") = "WordLadder", "WordLadder\WordLadder.csproj", "{CA679A68-2402-4D89-AA90-2B948C81A3E7}"
EndProject
Global
	GlobalSection(SolutionConfigurationPlatforms) = preSolution
		Debug|Any CPU = Debug|Any CPU
		Release|Any CPU = Release|Any CPU
	EndGlobalSection
	GlobalSection(ProjectConfigurationPlatforms) = postSolution
		{CA679A68-2402-4D89-AA90-2B948C81A3E7}.Debug|Any CPU.ActiveCfg = Debug|Any CPU
		{CA679A68-2402-4D89-AA90-2B948C81A3E7}.Debug|Any CPU.Build.0 = Debug|Any CPU
		{CA679A68-2402-4D89-AA90-2B948C81A3E7}.Release|Any CPU.ActiveCfg = Release|Any CPU
		{CA679A68-2402-4D89-AA90-2B948C81A3E7}.Release|Any CPU.Build.0 = Release|Any CPU
	EndGlobalSection
EndGlobal
