
Microsoft Visual Studio Solution File, Format Version 12.00
Project("{FAE04EC0-301F-11D3-BF4B-00C04F79EFBC}") = "ValidParentheses", "ValidParentheses\ValidParentheses.csproj", "{2680EA09-A5C6-43E5-A987-C31077868A4B}"
EndProject
Global
	GlobalSection(SolutionConfigurationPlatforms) = preSolution
		Debug|Any CPU = Debug|Any CPU
		Release|Any CPU = Release|Any CPU
	EndGlobalSection
	GlobalSection(ProjectConfigurationPlatforms) = postSolution
		{2680EA09-A5C6-43E5-A987-C31077868A4B}.Debug|Any CPU.ActiveCfg = Debug|Any CPU
		{2680EA09-A5C6-43E5-A987-C31077868A4B}.Debug|Any CPU.Build.0 = Debug|Any CPU
		{2680EA09-A5C6-43E5-A987-C31077868A4B}.Release|Any CPU.ActiveCfg = Release|Any CPU
		{2680EA09-A5C6-43E5-A987-C31077868A4B}.Release|Any CPU.Build.0 = Release|Any CPU
	EndGlobalSection
EndGlobal
