
Microsoft Visual Studio Solution File, Format Version 12.00
Project("{FAE04EC0-301F-11D3-BF4B-00C04F79EFBC}") = "LicenseKeyFormatting", "LicenseKeyFormatting\LicenseKeyFormatting.csproj", "{A905FDA1-C207-46AA-B3CB-8854B5D14074}"
EndProject
Global
	GlobalSection(SolutionConfigurationPlatforms) = preSolution
		Debug|Any CPU = Debug|Any CPU
		Release|Any CPU = Release|Any CPU
	EndGlobalSection
	GlobalSection(ProjectConfigurationPlatforms) = postSolution
		{A905FDA1-C207-46AA-B3CB-8854B5D14074}.Debug|Any CPU.ActiveCfg = Debug|Any CPU
		{A905FDA1-C207-46AA-B3CB-8854B5D14074}.Debug|Any CPU.Build.0 = Debug|Any CPU
		{A905FDA1-C207-46AA-B3CB-8854B5D14074}.Release|Any CPU.ActiveCfg = Release|Any CPU
		{A905FDA1-C207-46AA-B3CB-8854B5D14074}.Release|Any CPU.Build.0 = Release|Any CPU
	EndGlobalSection
EndGlobal
