
Microsoft Visual Studio Solution File, Format Version 12.00
Project("{FAE04EC0-301F-11D3-BF4B-00C04F79EFBC}") = "UniquePaths2", "UniquePaths2\UniquePaths2.csproj", "{C6A142DC-ED5E-4FF0-BB9E-F796E38B4C5E}"
EndProject
Global
	GlobalSection(SolutionConfigurationPlatforms) = preSolution
		Debug|Any CPU = Debug|Any CPU
		Release|Any CPU = Release|Any CPU
	EndGlobalSection
	GlobalSection(ProjectConfigurationPlatforms) = postSolution
		{C6A142DC-ED5E-4FF0-BB9E-F796E38B4C5E}.Debug|Any CPU.ActiveCfg = Debug|Any CPU
		{C6A142DC-ED5E-4FF0-BB9E-F796E38B4C5E}.Debug|Any CPU.Build.0 = Debug|Any CPU
		{C6A142DC-ED5E-4FF0-BB9E-F796E38B4C5E}.Release|Any CPU.ActiveCfg = Release|Any CPU
		{C6A142DC-ED5E-4FF0-BB9E-F796E38B4C5E}.Release|Any CPU.Build.0 = Release|Any CPU
	EndGlobalSection
EndGlobal
