
Microsoft Visual Studio Solution File, Format Version 12.00
Project("{FAE04EC0-301F-11D3-BF4B-00C04F79EFBC}") = "WordLadderII", "WordLadderII\WordLadderII.csproj", "{B2EE43E6-44CF-4C10-8ABD-9AE76D16CBBB}"
EndProject
Global
	GlobalSection(SolutionConfigurationPlatforms) = preSolution
		Debug|Any CPU = Debug|Any CPU
		Release|Any CPU = Release|Any CPU
	EndGlobalSection
	GlobalSection(ProjectConfigurationPlatforms) = postSolution
		{B2EE43E6-44CF-4C10-8ABD-9AE76D16CBBB}.Debug|Any CPU.ActiveCfg = Debug|Any CPU
		{B2EE43E6-44CF-4C10-8ABD-9AE76D16CBBB}.Debug|Any CPU.Build.0 = Debug|Any CPU
		{B2EE43E6-44CF-4C10-8ABD-9AE76D16CBBB}.Release|Any CPU.ActiveCfg = Release|Any CPU
		{B2EE43E6-44CF-4C10-8ABD-9AE76D16CBBB}.Release|Any CPU.Build.0 = Release|Any CPU
	EndGlobalSection
EndGlobal
