
Microsoft Visual Studio Solution File, Format Version 12.00
Project("{FAE04EC0-301F-11D3-BF4B-00C04F79EFBC}") = "NumberOfMusicPlaylists", "NumberOfMusicPlaylists\NumberOfMusicPlaylists.csproj", "{3064B1EA-82DD-4CD3-8605-FC22ACDE0641}"
EndProject
Global
	GlobalSection(SolutionConfigurationPlatforms) = preSolution
		Debug|Any CPU = Debug|Any CPU
		Release|Any CPU = Release|Any CPU
	EndGlobalSection
	GlobalSection(ProjectConfigurationPlatforms) = postSolution
		{3064B1EA-82DD-4CD3-8605-FC22ACDE0641}.Debug|Any CPU.ActiveCfg = Debug|Any CPU
		{3064B1EA-82DD-4CD3-8605-FC22ACDE0641}.Debug|Any CPU.Build.0 = Debug|Any CPU
		{3064B1EA-82DD-4CD3-8605-FC22ACDE0641}.Release|Any CPU.ActiveCfg = Release|Any CPU
		{3064B1EA-82DD-4CD3-8605-FC22ACDE0641}.Release|Any CPU.Build.0 = Release|Any CPU
	EndGlobalSection
EndGlobal
