
Microsoft Visual Studio Solution File, Format Version 12.00
Project("{FAE04EC0-301F-11D3-BF4B-00C04F79EFBC}") = "NumberOfOneBits", "NumberOfOneBits\NumberOfOneBits.csproj", "{87DB2EEA-FF30-4A45-BF48-A99B7DFE9D48}"
EndProject
Global
	GlobalSection(SolutionConfigurationPlatforms) = preSolution
		Debug|Any CPU = Debug|Any CPU
		Release|Any CPU = Release|Any CPU
	EndGlobalSection
	GlobalSection(ProjectConfigurationPlatforms) = postSolution
		{87DB2EEA-FF30-4A45-BF48-A99B7DFE9D48}.Debug|Any CPU.ActiveCfg = Debug|Any CPU
		{87DB2EEA-FF30-4A45-BF48-A99B7DFE9D48}.Debug|Any CPU.Build.0 = Debug|Any CPU
		{87DB2EEA-FF30-4A45-BF48-A99B7DFE9D48}.Release|Any CPU.ActiveCfg = Release|Any CPU
		{87DB2EEA-FF30-4A45-BF48-A99B7DFE9D48}.Release|Any CPU.Build.0 = Release|Any CPU
	EndGlobalSection
EndGlobal
