
Microsoft Visual Studio Solution File, Format Version 12.00
Project("{FAE04EC0-301F-11D3-BF4B-00C04F79EFBC}") = "TopKFrequentWords", "TopKFrequentWords\TopKFrequentWords.csproj", "{1BC0C66E-C7B5-4939-AC61-B346645BCD5F}"
EndProject
Global
	GlobalSection(SolutionConfigurationPlatforms) = preSolution
		Debug|Any CPU = Debug|Any CPU
		Release|Any CPU = Release|Any CPU
	EndGlobalSection
	GlobalSection(ProjectConfigurationPlatforms) = postSolution
		{1BC0C66E-C7B5-4939-AC61-B346645BCD5F}.Debug|Any CPU.ActiveCfg = Debug|Any CPU
		{1BC0C66E-C7B5-4939-AC61-B346645BCD5F}.Debug|Any CPU.Build.0 = Debug|Any CPU
		{1BC0C66E-C7B5-4939-AC61-B346645BCD5F}.Release|Any CPU.ActiveCfg = Release|Any CPU
		{1BC0C66E-C7B5-4939-AC61-B346645BCD5F}.Release|Any CPU.Build.0 = Release|Any CPU
	EndGlobalSection
EndGlobal
