
Microsoft Visual Studio Solution File, Format Version 12.00
Project("{FAE04EC0-301F-11D3-BF4B-00C04F79EFBC}") = "NimGame", "NimGame\NimGame.csproj", "{3084DA1E-5A4A-4ECB-A30A-E29A5C47DA75}"
EndProject
Global
	GlobalSection(SolutionConfigurationPlatforms) = preSolution
		Debug|Any CPU = Debug|Any CPU
		Release|Any CPU = Release|Any CPU
	EndGlobalSection
	GlobalSection(ProjectConfigurationPlatforms) = postSolution
		{3084DA1E-5A4A-4ECB-A30A-E29A5C47DA75}.Debug|Any CPU.ActiveCfg = Debug|Any CPU
		{3084DA1E-5A4A-4ECB-A30A-E29A5C47DA75}.Debug|Any CPU.Build.0 = Debug|Any CPU
		{3084DA1E-5A4A-4ECB-A30A-E29A5C47DA75}.Release|Any CPU.ActiveCfg = Release|Any CPU
		{3084DA1E-5A4A-4ECB-A30A-E29A5C47DA75}.Release|Any CPU.Build.0 = Release|Any CPU
	EndGlobalSection
EndGlobal
