
Microsoft Visual Studio Solution File, Format Version 12.00
Project("{FAE04EC0-301F-11D3-BF4B-00C04F79EFBC}") = "NonOverlapingIntervals", "NonOverlapingIntervals\NonOverlapingIntervals.csproj", "{A288AB67-B147-4679-8F0F-1711B91A57CF}"
EndProject
Global
	GlobalSection(SolutionConfigurationPlatforms) = preSolution
		Debug|Any CPU = Debug|Any CPU
		Release|Any CPU = Release|Any CPU
	EndGlobalSection
	GlobalSection(ProjectConfigurationPlatforms) = postSolution
		{A288AB67-B147-4679-8F0F-1711B91A57CF}.Debug|Any CPU.ActiveCfg = Debug|Any CPU
		{A288AB67-B147-4679-8F0F-1711B91A57CF}.Debug|Any CPU.Build.0 = Debug|Any CPU
		{A288AB67-B147-4679-8F0F-1711B91A57CF}.Release|Any CPU.ActiveCfg = Release|Any CPU
		{A288AB67-B147-4679-8F0F-1711B91A57CF}.Release|Any CPU.Build.0 = Release|Any CPU
	EndGlobalSection
EndGlobal
