
Microsoft Visual Studio Solution File, Format Version 12.00
Project("{FAE04EC0-301F-11D3-BF4B-00C04F79EFBC}") = "AddAndSearchWord", "AddAndSearchWord\AddAndSearchWord.csproj", "{51DD1C5D-C92B-4DFD-AA72-BE95820B550E}"
EndProject
Global
	GlobalSection(SolutionConfigurationPlatforms) = preSolution
		Debug|Any CPU = Debug|Any CPU
		Release|Any CPU = Release|Any CPU
	EndGlobalSection
	GlobalSection(ProjectConfigurationPlatforms) = postSolution
		{51DD1C5D-C92B-4DFD-AA72-BE95820B550E}.Debug|Any CPU.ActiveCfg = Debug|Any CPU
		{51DD1C5D-C92B-4DFD-AA72-BE95820B550E}.Debug|Any CPU.Build.0 = Debug|Any CPU
		{51DD1C5D-C92B-4DFD-AA72-BE95820B550E}.Release|Any CPU.ActiveCfg = Release|Any CPU
		{51DD1C5D-C92B-4DFD-AA72-BE95820B550E}.Release|Any CPU.Build.0 = Release|Any CPU
	EndGlobalSection
EndGlobal
