
Microsoft Visual Studio Solution File, Format Version 12.00
Project("{FAE04EC0-301F-11D3-BF4B-00C04F79EFBC}") = "SubarraySum", "SubarraySum\SubarraySum.csproj", "{C2E1BD5B-C81C-4E20-A02F-9894E659A542}"
EndProject
Global
	GlobalSection(SolutionConfigurationPlatforms) = preSolution
		Debug|Any CPU = Debug|Any CPU
		Release|Any CPU = Release|Any CPU
	EndGlobalSection
	GlobalSection(ProjectConfigurationPlatforms) = postSolution
		{C2E1BD5B-C81C-4E20-A02F-9894E659A542}.Debug|Any CPU.ActiveCfg = Debug|Any CPU
		{C2E1BD5B-C81C-4E20-A02F-9894E659A542}.Debug|Any CPU.Build.0 = Debug|Any CPU
		{C2E1BD5B-C81C-4E20-A02F-9894E659A542}.Release|Any CPU.ActiveCfg = Release|Any CPU
		{C2E1BD5B-C81C-4E20-A02F-9894E659A542}.Release|Any CPU.Build.0 = Release|Any CPU
	EndGlobalSection
EndGlobal
