
Microsoft Visual Studio Solution File, Format Version 12.00
Project("{FAE04EC0-301F-11D3-BF4B-00C04F79EFBC}") = "RangeProductQueriesOfPowers", "RangeProductQueriesOfPowers\RangeProductQueriesOfPowers.csproj", "{04A61DA9-1668-4233-A3A8-F13C58F8ADFB}"
EndProject
Global
	GlobalSection(SolutionConfigurationPlatforms) = preSolution
		Debug|Any CPU = Debug|Any CPU
		Release|Any CPU = Release|Any CPU
	EndGlobalSection
	GlobalSection(ProjectConfigurationPlatforms) = postSolution
		{04A61DA9-1668-4233-A3A8-F13C58F8ADFB}.Debug|Any CPU.ActiveCfg = Debug|Any CPU
		{04A61DA9-1668-4233-A3A8-F13C58F8ADFB}.Debug|Any CPU.Build.0 = Debug|Any CPU
		{04A61DA9-1668-4233-A3A8-F13C58F8ADFB}.Release|Any CPU.ActiveCfg = Release|Any CPU
		{04A61DA9-1668-4233-A3A8-F13C58F8ADFB}.Release|Any CPU.Build.0 = Release|Any CPU
	EndGlobalSection
EndGlobal
