
Microsoft Visual Studio Solution File, Format Version 12.00
Project("{FAE04EC0-301F-11D3-BF4B-00C04F79EFBC}") = "InsertDeleteGetRandomO1", "InsertDeleteGetRandomO1\InsertDeleteGetRandomO1.csproj", "{5E91930F-5293-413E-BA13-29B307605B93}"
EndProject
Global
	GlobalSection(SolutionConfigurationPlatforms) = preSolution
		Debug|Any CPU = Debug|Any CPU
		Release|Any CPU = Release|Any CPU
	EndGlobalSection
	GlobalSection(ProjectConfigurationPlatforms) = postSolution
		{5E91930F-5293-413E-BA13-29B307605B93}.Debug|Any CPU.ActiveCfg = Debug|Any CPU
		{5E91930F-5293-413E-BA13-29B307605B93}.Debug|Any CPU.Build.0 = Debug|Any CPU
		{5E91930F-5293-413E-BA13-29B307605B93}.Release|Any CPU.ActiveCfg = Release|Any CPU
		{5E91930F-5293-413E-BA13-29B307605B93}.Release|Any CPU.Build.0 = Release|Any CPU
	EndGlobalSection
EndGlobal
