
Microsoft Visual Studio Solution File, Format Version 12.00
Project("{FAE04EC0-301F-11D3-BF4B-00C04F79EFBC}") = "Permutations2", "Permutations2\Permutations2.csproj", "{C9BEEE45-61EC-4A19-9B59-F698B969B467}"
EndProject
Global
	GlobalSection(SolutionConfigurationPlatforms) = preSolution
		Debug|Any CPU = Debug|Any CPU
		Release|Any CPU = Release|Any CPU
	EndGlobalSection
	GlobalSection(ProjectConfigurationPlatforms) = postSolution
		{C9BEEE45-61EC-4A19-9B59-F698B969B467}.Debug|Any CPU.ActiveCfg = Debug|Any CPU
		{C9BEEE45-61EC-4A19-9B59-F698B969B467}.Debug|Any CPU.Build.0 = Debug|Any CPU
		{C9BEEE45-61EC-4A19-9B59-F698B969B467}.Release|Any CPU.ActiveCfg = Release|Any CPU
		{C9BEEE45-61EC-4A19-9B59-F698B969B467}.Release|Any CPU.Build.0 = Release|Any CPU
	EndGlobalSection
EndGlobal
