
Microsoft Visual Studio Solution File, Format Version 12.00
Project("{FAE04EC0-301F-11D3-BF4B-00C04F79EFBC}") = "RotateArray", "RotateArray\RotateArray.csproj", "{0660378E-AA04-4337-95E3-B89774EE078B}"
EndProject
Global
	GlobalSection(SolutionConfigurationPlatforms) = preSolution
		Debug|Any CPU = Debug|Any CPU
		Release|Any CPU = Release|Any CPU
	EndGlobalSection
	GlobalSection(ProjectConfigurationPlatforms) = postSolution
		{0660378E-AA04-4337-95E3-B89774EE078B}.Debug|Any CPU.ActiveCfg = Debug|Any CPU
		{0660378E-AA04-4337-95E3-B89774EE078B}.Debug|Any CPU.Build.0 = Debug|Any CPU
		{0660378E-AA04-4337-95E3-B89774EE078B}.Release|Any CPU.ActiveCfg = Release|Any CPU
		{0660378E-AA04-4337-95E3-B89774EE078B}.Release|Any CPU.Build.0 = Release|Any CPU
	EndGlobalSection
EndGlobal
