
Microsoft Visual Studio Solution File, Format Version 12.00
Project("{FAE04EC0-301F-11D3-BF4B-00C04F79EFBC}") = "WordPattern", "WordPattern\WordPattern.csproj", "{52077C4D-4851-4376-A079-D4AA7E9FA815}"
EndProject
Global
	GlobalSection(SolutionConfigurationPlatforms) = preSolution
		Debug|Any CPU = Debug|Any CPU
		Release|Any CPU = Release|Any CPU
	EndGlobalSection
	GlobalSection(ProjectConfigurationPlatforms) = postSolution
		{52077C4D-4851-4376-A079-D4AA7E9FA815}.Debug|Any CPU.ActiveCfg = Debug|Any CPU
		{52077C4D-4851-4376-A079-D4AA7E9FA815}.Debug|Any CPU.Build.0 = Debug|Any CPU
		{52077C4D-4851-4376-A079-D4AA7E9FA815}.Release|Any CPU.ActiveCfg = Release|Any CPU
		{52077C4D-4851-4376-A079-D4AA7E9FA815}.Release|Any CPU.Build.0 = Release|Any CPU
	EndGlobalSection
EndGlobal
