
Microsoft Visual Studio Solution File, Format Version 12.00
Project("{FAE04EC0-301F-11D3-BF4B-00C04F79EFBC}") = "StringCompression", "StringCompression\StringCompression.csproj", "{8697265B-E832-4D7F-9873-FE418D8684A9}"
EndProject
Global
	GlobalSection(SolutionConfigurationPlatforms) = preSolution
		Debug|Any CPU = Debug|Any CPU
		Release|Any CPU = Release|Any CPU
	EndGlobalSection
	GlobalSection(ProjectConfigurationPlatforms) = postSolution
		{8697265B-E832-4D7F-9873-FE418D8684A9}.Debug|Any CPU.ActiveCfg = Debug|Any CPU
		{8697265B-E832-4D7F-9873-FE418D8684A9}.Debug|Any CPU.Build.0 = Debug|Any CPU
		{8697265B-E832-4D7F-9873-FE418D8684A9}.Release|Any CPU.ActiveCfg = Release|Any CPU
		{8697265B-E832-4D7F-9873-FE418D8684A9}.Release|Any CPU.Build.0 = Release|Any CPU
	EndGlobalSection
EndGlobal
