
Microsoft Visual Studio Solution File, Format Version 12.00
Project("{FAE04EC0-301F-11D3-BF4B-00C04F79EFBC}") = "Heaters", "Heaters\Heaters.csproj", "{811D8801-75B1-4F8C-8B3F-64662D11533D}"
EndProject
Global
	GlobalSection(SolutionConfigurationPlatforms) = preSolution
		Debug|Any CPU = Debug|Any CPU
		Release|Any CPU = Release|Any CPU
	EndGlobalSection
	GlobalSection(ProjectConfigurationPlatforms) = postSolution
		{811D8801-75B1-4F8C-8B3F-64662D11533D}.Debug|Any CPU.ActiveCfg = Debug|Any CPU
		{811D8801-75B1-4F8C-8B3F-64662D11533D}.Debug|Any CPU.Build.0 = Debug|Any CPU
		{811D8801-75B1-4F8C-8B3F-64662D11533D}.Release|Any CPU.ActiveCfg = Release|Any CPU
		{811D8801-75B1-4F8C-8B3F-64662D11533D}.Release|Any CPU.Build.0 = Release|Any CPU
	EndGlobalSection
EndGlobal
