
Microsoft Visual Studio Solution File, Format Version 12.00
Project("{FAE04EC0-301F-11D3-BF4B-00C04F79EFBC}") = "MostCommonWord", "MostCommonWord\MostCommonWord.csproj", "{8ED06E18-96EE-4144-9165-0726A0978EC5}"
EndProject
Global
	GlobalSection(SolutionConfigurationPlatforms) = preSolution
		Debug|Any CPU = Debug|Any CPU
		Release|Any CPU = Release|Any CPU
	EndGlobalSection
	GlobalSection(ProjectConfigurationPlatforms) = postSolution
		{8ED06E18-96EE-4144-9165-0726A0978EC5}.Debug|Any CPU.ActiveCfg = Debug|Any CPU
		{8ED06E18-96EE-4144-9165-0726A0978EC5}.Debug|Any CPU.Build.0 = Debug|Any CPU
		{8ED06E18-96EE-4144-9165-0726A0978EC5}.Release|Any CPU.ActiveCfg = Release|Any CPU
		{8ED06E18-96EE-4144-9165-0726A0978EC5}.Release|Any CPU.Build.0 = Release|Any CPU
	EndGlobalSection
EndGlobal
