
Microsoft Visual Studio Solution File, Format Version 12.00
Project("{FAE04EC0-301F-11D3-BF4B-00C04F79EFBC}") = "KthSmallestNumberInMultiplicationTable", "KthSmallestNumberInMultiplicationTable\KthSmallestNumberInMultiplicationTable.csproj", "{2AD85C7E-ED8B-4A3C-8D91-44F4C08E2DEF}"
EndProject
Global
	GlobalSection(SolutionConfigurationPlatforms) = preSolution
		Debug|Any CPU = Debug|Any CPU
		Release|Any CPU = Release|Any CPU
	EndGlobalSection
	GlobalSection(ProjectConfigurationPlatforms) = postSolution
		{2AD85C7E-ED8B-4A3C-8D91-44F4C08E2DEF}.Debug|Any CPU.ActiveCfg = Debug|Any CPU
		{2AD85C7E-ED8B-4A3C-8D91-44F4C08E2DEF}.Debug|Any CPU.Build.0 = Debug|Any CPU
		{2AD85C7E-ED8B-4A3C-8D91-44F4C08E2DEF}.Release|Any CPU.ActiveCfg = Release|Any CPU
		{2AD85C7E-ED8B-4A3C-8D91-44F4C08E2DEF}.Release|Any CPU.Build.0 = Release|Any CPU
	EndGlobalSection
EndGlobal
