
Microsoft Visual Studio Solution File, Format Version 12.00
Project("{FAE04EC0-301F-11D3-BF4B-00C04F79EFBC}") = "BuildingsWithOceanView", "BuildingsWithOceanView\BuildingsWithOceanView.csproj", "{B54133D6-5A70-4C4F-8E3B-DD22FB0F1272}"
EndProject
Global
	GlobalSection(SolutionConfigurationPlatforms) = preSolution
		Debug|Any CPU = Debug|Any CPU
		Release|Any CPU = Release|Any CPU
	EndGlobalSection
	GlobalSection(ProjectConfigurationPlatforms) = postSolution
		{B54133D6-5A70-4C4F-8E3B-DD22FB0F1272}.Debug|Any CPU.ActiveCfg = Debug|Any CPU
		{B54133D6-5A70-4C4F-8E3B-DD22FB0F1272}.Debug|Any CPU.Build.0 = Debug|Any CPU
		{B54133D6-5A70-4C4F-8E3B-DD22FB0F1272}.Release|Any CPU.ActiveCfg = Release|Any CPU
		{B54133D6-5A70-4C4F-8E3B-DD22FB0F1272}.Release|Any CPU.Build.0 = Release|Any CPU
	EndGlobalSection
EndGlobal
