
Microsoft Visual Studio Solution File, Format Version 12.00
Project("{FAE04EC0-301F-11D3-BF4B-00C04F79EFBC}") = "NumberOfSegmentsInString", "NumberOfSegmentsInString\NumberOfSegmentsInString.csproj", "{DB23FDE2-B9AF-49D2-82BD-2419EE638D61}"
EndProject
Global
	GlobalSection(SolutionConfigurationPlatforms) = preSolution
		Debug|Any CPU = Debug|Any CPU
		Release|Any CPU = Release|Any CPU
	EndGlobalSection
	GlobalSection(ProjectConfigurationPlatforms) = postSolution
		{DB23FDE2-B9AF-49D2-82BD-2419EE638D61}.Debug|Any CPU.ActiveCfg = Debug|Any CPU
		{DB23FDE2-B9AF-49D2-82BD-2419EE638D61}.Debug|Any CPU.Build.0 = Debug|Any CPU
		{DB23FDE2-B9AF-49D2-82BD-2419EE638D61}.Release|Any CPU.ActiveCfg = Release|Any CPU
		{DB23FDE2-B9AF-49D2-82BD-2419EE638D61}.Release|Any CPU.Build.0 = Release|Any CPU
	EndGlobalSection
EndGlobal
