
Microsoft Visual Studio Solution File, Format Version 12.00
Project("{FAE04EC0-301F-11D3-BF4B-00C04F79EFBC}") = "LongestValidParenthese", "LongestValidParenthese\LongestValidParenthese.csproj", "{F640ED1A-9F39-409C-A992-96E9BE704F24}"
EndProject
Global
	GlobalSection(SolutionConfigurationPlatforms) = preSolution
		Debug|Any CPU = Debug|Any CPU
		Release|Any CPU = Release|Any CPU
	EndGlobalSection
	GlobalSection(ProjectConfigurationPlatforms) = postSolution
		{F640ED1A-9F39-409C-A992-96E9BE704F24}.Debug|Any CPU.ActiveCfg = Debug|Any CPU
		{F640ED1A-9F39-409C-A992-96E9BE704F24}.Debug|Any CPU.Build.0 = Debug|Any CPU
		{F640ED1A-9F39-409C-A992-96E9BE704F24}.Release|Any CPU.ActiveCfg = Release|Any CPU
		{F640ED1A-9F39-409C-A992-96E9BE704F24}.Release|Any CPU.Build.0 = Release|Any CPU
	EndGlobalSection
EndGlobal
