
Microsoft Visual Studio Solution File, Format Version 12.00
Project("{FAE04EC0-301F-11D3-BF4B-00C04F79EFBC}") = "TopKFrequentElements", "TopKFrequentElements\TopKFrequentElements.csproj", "{73BC4F95-CE8B-495D-8961-1F65BD339A9F}"
EndProject
Global
	GlobalSection(SolutionConfigurationPlatforms) = preSolution
		Debug|Any CPU = Debug|Any CPU
		Release|Any CPU = Release|Any CPU
	EndGlobalSection
	GlobalSection(ProjectConfigurationPlatforms) = postSolution
		{73BC4F95-CE8B-495D-8961-1F65BD339A9F}.Debug|Any CPU.ActiveCfg = Debug|Any CPU
		{73BC4F95-CE8B-495D-8961-1F65BD339A9F}.Debug|Any CPU.Build.0 = Debug|Any CPU
		{73BC4F95-CE8B-495D-8961-1F65BD339A9F}.Release|Any CPU.ActiveCfg = Release|Any CPU
		{73BC4F95-CE8B-495D-8961-1F65BD339A9F}.Release|Any CPU.Build.0 = Release|Any CPU
	EndGlobalSection
EndGlobal
