
Microsoft Visual Studio Solution File, Format Version 12.00
Project("{FAE04EC0-301F-11D3-BF4B-00C04F79EFBC}") = "SlidingWindowMaximum", "SlidingWindowMaximum\SlidingWindowMaximum.csproj", "{8B842E6F-62F8-4957-A79E-7750DE9E7424}"
EndProject
Global
	GlobalSection(SolutionConfigurationPlatforms) = preSolution
		Debug|Any CPU = Debug|Any CPU
		Release|Any CPU = Release|Any CPU
	EndGlobalSection
	GlobalSection(ProjectConfigurationPlatforms) = postSolution
		{8B842E6F-62F8-4957-A79E-7750DE9E7424}.Debug|Any CPU.ActiveCfg = Debug|Any CPU
		{8B842E6F-62F8-4957-A79E-7750DE9E7424}.Debug|Any CPU.Build.0 = Debug|Any CPU
		{8B842E6F-62F8-4957-A79E-7750DE9E7424}.Release|Any CPU.ActiveCfg = Release|Any CPU
		{8B842E6F-62F8-4957-A79E-7750DE9E7424}.Release|Any CPU.Build.0 = Release|Any CPU
	EndGlobalSection
EndGlobal
