
Microsoft Visual Studio Solution File, Format Version 12.00
Project("{FAE04EC0-301F-11D3-BF4B-00C04F79EFBC}") = "GreatestCommonDivisorOfStrings", "GreatestCommonDivisorOfStrings\GreatestCommonDivisorOfStrings.csproj", "{CCD827EB-E1FC-477D-88C9-EBDB2708AC53}"
EndProject
Global
	GlobalSection(SolutionConfigurationPlatforms) = preSolution
		Debug|Any CPU = Debug|Any CPU
		Release|Any CPU = Release|Any CPU
	EndGlobalSection
	GlobalSection(ProjectConfigurationPlatforms) = postSolution
		{CCD827EB-E1FC-477D-88C9-EBDB2708AC53}.Debug|Any CPU.ActiveCfg = Debug|Any CPU
		{CCD827EB-E1FC-477D-88C9-EBDB2708AC53}.Debug|Any CPU.Build.0 = Debug|Any CPU
		{CCD827EB-E1FC-477D-88C9-EBDB2708AC53}.Release|Any CPU.ActiveCfg = Release|Any CPU
		{CCD827EB-E1FC-477D-88C9-EBDB2708AC53}.Release|Any CPU.Build.0 = Release|Any CPU
	EndGlobalSection
EndGlobal
