
Microsoft Visual Studio Solution File, Format Version 12.00
Project("{FAE04EC0-301F-11D3-BF4B-00C04F79EFBC}") = "ProjectionAreaOf3DShapes", "ProjectionAreaOf3DShapes\ProjectionAreaOf3DShapes.csproj", "{526AF0CF-A00D-40C6-8994-CD1F8E44DDBC}"
EndProject
Global
	GlobalSection(SolutionConfigurationPlatforms) = preSolution
		Debug|Any CPU = Debug|Any CPU
		Release|Any CPU = Release|Any CPU
	EndGlobalSection
	GlobalSection(ProjectConfigurationPlatforms) = postSolution
		{526AF0CF-A00D-40C6-8994-CD1F8E44DDBC}.Debug|Any CPU.ActiveCfg = Debug|Any CPU
		{526AF0CF-A00D-40C6-8994-CD1F8E44DDBC}.Debug|Any CPU.Build.0 = Debug|Any CPU
		{526AF0CF-A00D-40C6-8994-CD1F8E44DDBC}.Release|Any CPU.ActiveCfg = Release|Any CPU
		{526AF0CF-A00D-40C6-8994-CD1F8E44DDBC}.Release|Any CPU.Build.0 = Release|Any CPU
	EndGlobalSection
EndGlobal
