
Microsoft Visual Studio Solution File, Format Version 12.00
Project("{FAE04EC0-301F-11D3-BF4B-00C04F79EFBC}") = "LongestUnivaluePath", "LongestUnivaluePath\LongestUnivaluePath.csproj", "{442763EE-4F69-406D-947C-0016ED2A9CE6}"
EndProject
Global
	GlobalSection(SolutionConfigurationPlatforms) = preSolution
		Debug|Any CPU = Debug|Any CPU
		Release|Any CPU = Release|Any CPU
	EndGlobalSection
	GlobalSection(ProjectConfigurationPlatforms) = postSolution
		{442763EE-4F69-406D-947C-0016ED2A9CE6}.Debug|Any CPU.ActiveCfg = Debug|Any CPU
		{442763EE-4F69-406D-947C-0016ED2A9CE6}.Debug|Any CPU.Build.0 = Debug|Any CPU
		{442763EE-4F69-406D-947C-0016ED2A9CE6}.Release|Any CPU.ActiveCfg = Release|Any CPU
		{442763EE-4F69-406D-947C-0016ED2A9CE6}.Release|Any CPU.Build.0 = Release|Any CPU
	EndGlobalSection
EndGlobal
