
Microsoft Visual Studio Solution File, Format Version 12.00
Project("{FAE04EC0-301F-11D3-BF4B-00C04F79EFBC}") = "NextGreaterElement1", "NextGreaterElement1\NextGreaterElement1.csproj", "{4D7739CB-53D8-4440-8345-46E159D95BCF}"
EndProject
Global
	GlobalSection(SolutionConfigurationPlatforms) = preSolution
		Debug|Any CPU = Debug|Any CPU
		Release|Any CPU = Release|Any CPU
	EndGlobalSection
	GlobalSection(ProjectConfigurationPlatforms) = postSolution
		{4D7739CB-53D8-4440-8345-46E159D95BCF}.Debug|Any CPU.ActiveCfg = Debug|Any CPU
		{4D7739CB-53D8-4440-8345-46E159D95BCF}.Debug|Any CPU.Build.0 = Debug|Any CPU
		{4D7739CB-53D8-4440-8345-46E159D95BCF}.Release|Any CPU.ActiveCfg = Release|Any CPU
		{4D7739CB-53D8-4440-8345-46E159D95BCF}.Release|Any CPU.Build.0 = Release|Any CPU
	EndGlobalSection
EndGlobal
