
Microsoft Visual Studio Solution File, Format Version 12.00
Project("{FAE04EC0-301F-11D3-BF4B-00C04F79EFBC}") = "PowerOfTwo", "PowerOfTwo\PowerOfTwo.csproj", "{9FD0C335-CA26-45C7-850E-2649A11481AD}"
EndProject
Global
	GlobalSection(SolutionConfigurationPlatforms) = preSolution
		Debug|Any CPU = Debug|Any CPU
		Release|Any CPU = Release|Any CPU
	EndGlobalSection
	GlobalSection(ProjectConfigurationPlatforms) = postSolution
		{9FD0C335-CA26-45C7-850E-2649A11481AD}.Debug|Any CPU.ActiveCfg = Debug|Any CPU
		{9FD0C335-CA26-45C7-850E-2649A11481AD}.Debug|Any CPU.Build.0 = Debug|Any CPU
		{9FD0C335-CA26-45C7-850E-2649A11481AD}.Release|Any CPU.ActiveCfg = Release|Any CPU
		{9FD0C335-CA26-45C7-850E-2649A11481AD}.Release|Any CPU.Build.0 = Release|Any CPU
	EndGlobalSection
EndGlobal
