
Microsoft Visual Studio Solution File, Format Version 12.00
Project("{FAE04EC0-301F-11D3-BF4B-00C04F79EFBC}") = "ConstructTheRectangle", "ConstructTheRectangle\ConstructTheRectangle.csproj", "{692C024A-FBC6-404E-9F57-32F92C46D7A4}"
EndProject
Global
	GlobalSection(SolutionConfigurationPlatforms) = preSolution
		Debug|Any CPU = Debug|Any CPU
		Release|Any CPU = Release|Any CPU
	EndGlobalSection
	GlobalSection(ProjectConfigurationPlatforms) = postSolution
		{692C024A-FBC6-404E-9F57-32F92C46D7A4}.Debug|Any CPU.ActiveCfg = Debug|Any CPU
		{692C024A-FBC6-404E-9F57-32F92C46D7A4}.Debug|Any CPU.Build.0 = Debug|Any CPU
		{692C024A-FBC6-404E-9F57-32F92C46D7A4}.Release|Any CPU.ActiveCfg = Release|Any CPU
		{692C024A-FBC6-404E-9F57-32F92C46D7A4}.Release|Any CPU.Build.0 = Release|Any CPU
	EndGlobalSection
EndGlobal
