
Microsoft Visual Studio Solution File, Format Version 12.00
Project("{FAE04EC0-301F-11D3-BF4B-00C04F79EFBC}") = "SerializeAndDeserializeBinaryTree", "SerializeAndDeserializeBinaryTree\SerializeAndDeserializeBinaryTree.csproj", "{A2F7ADBD-85CF-45B4-8E91-9CA89989FFCB}"
EndProject
Global
	GlobalSection(SolutionConfigurationPlatforms) = preSolution
		Debug|Any CPU = Debug|Any CPU
		Release|Any CPU = Release|Any CPU
	EndGlobalSection
	GlobalSection(ProjectConfigurationPlatforms) = postSolution
		{A2F7ADBD-85CF-45B4-8E91-9CA89989FFCB}.Debug|Any CPU.ActiveCfg = Debug|Any CPU
		{A2F7ADBD-85CF-45B4-8E91-9CA89989FFCB}.Debug|Any CPU.Build.0 = Debug|Any CPU
		{A2F7ADBD-85CF-45B4-8E91-9CA89989FFCB}.Release|Any CPU.ActiveCfg = Release|Any CPU
		{A2F7ADBD-85CF-45B4-8E91-9CA89989FFCB}.Release|Any CPU.Build.0 = Release|Any CPU
	EndGlobalSection
EndGlobal
