
Microsoft Visual Studio Solution File, Format Version 12.00
Project("{FAE04EC0-301F-11D3-BF4B-00C04F79EFBC}") = "OnlineMajorityElementInSubarray", "OnlineMajorityElementInSubarray\OnlineMajorityElementInSubarray.csproj", "{E8F043E0-8DDA-4533-A9DF-433B44B01BEC}"
EndProject
Global
	GlobalSection(SolutionConfigurationPlatforms) = preSolution
		Debug|Any CPU = Debug|Any CPU
		Release|Any CPU = Release|Any CPU
	EndGlobalSection
	GlobalSection(ProjectConfigurationPlatforms) = postSolution
		{E8F043E0-8DDA-4533-A9DF-433B44B01BEC}.Debug|Any CPU.ActiveCfg = Debug|Any CPU
		{E8F043E0-8DDA-4533-A9DF-433B44B01BEC}.Debug|Any CPU.Build.0 = Debug|Any CPU
		{E8F043E0-8DDA-4533-A9DF-433B44B01BEC}.Release|Any CPU.ActiveCfg = Release|Any CPU
		{E8F043E0-8DDA-4533-A9DF-433B44B01BEC}.Release|Any CPU.Build.0 = Release|Any CPU
	EndGlobalSection
EndGlobal
