
Microsoft Visual Studio Solution File, Format Version 12.00
Project("{FAE04EC0-301F-11D3-BF4B-00C04F79EFBC}") = "BuddyStrings", "BuddyStrings\BuddyStrings.csproj", "{BBC8EB71-C2A0-4874-8D08-D2E2B8C5638C}"
EndProject
Global
	GlobalSection(SolutionConfigurationPlatforms) = preSolution
		Debug|Any CPU = Debug|Any CPU
		Release|Any CPU = Release|Any CPU
	EndGlobalSection
	GlobalSection(ProjectConfigurationPlatforms) = postSolution
		{BBC8EB71-C2A0-4874-8D08-D2E2B8C5638C}.Debug|Any CPU.ActiveCfg = Debug|Any CPU
		{BBC8EB71-C2A0-4874-8D08-D2E2B8C5638C}.Debug|Any CPU.Build.0 = Debug|Any CPU
		{BBC8EB71-C2A0-4874-8D08-D2E2B8C5638C}.Release|Any CPU.ActiveCfg = Release|Any CPU
		{BBC8EB71-C2A0-4874-8D08-D2E2B8C5638C}.Release|Any CPU.Build.0 = Release|Any CPU
	EndGlobalSection
EndGlobal
